
Microsoft Visual Studio Solution File, Format Version 12.00
# Visual Studio Version 17
VisualStudioVersion = 17.13.35825.156 d17.13
MinimumVisualStudioVersion = 10.0.40219.1
Project("{FAE04EC0-301F-11D3-BF4B-00C04F79EFBC}") = "MiniBankSystemOOP", "MiniBankSystemOOP.csproj", "{4BB140D9-890B-48C1-9F42-90E3D3207C77}"
EndProject
Global
	GlobalSection(SolutionConfigurationPlatforms) = preSolution
		Debug|Any CPU = Debug|Any CPU
		Release|Any CPU = Release|Any CPU
	EndGlobalSection
	GlobalSection(ProjectConfigurationPlatforms) = postSolution
		{4BB140D9-890B-48C1-9F42-90E3D3207C77}.Debug|Any CPU.ActiveCfg = Debug|Any CPU
		{4BB140D9-890B-48C1-9F42-90E3D3207C77}.Debug|Any CPU.Build.0 = Debug|Any CPU
		{4BB140D9-890B-48C1-9F42-90E3D3207C77}.Release|Any CPU.ActiveCfg = Release|Any CPU
		{4BB140D9-890B-48C1-9F42-90E3D3207C77}.Release|Any CPU.Build.0 = Release|Any CPU
	EndGlobalSection
	GlobalSection(SolutionProperties) = preSolution
		HideSolutionNode = FALSE
	EndGlobalSection
	GlobalSection(ExtensibilityGlobals) = postSolution
		SolutionGuid = {9463EC5C-ECF4-4FCF-B4B2-1197F6529FB5}
	EndGlobalSection
EndGlobal
